Microsoft Visual Studio Solution File, Format Version 12.00
# Visual Studio Version 17
VisualStudioVersion = 17.5.2.0
MinimumVisualStudioVersion = 10.0.40219.1
Project("{FAE04EC0-301F-11D3-BF4B-00C04F79EFBC}") = "PdfHelper", "PdfHelper.csproj", "{B20AB966-7E16-A7FA-DC98-DC11E8DE66C7}"
EndProject
Global
	GlobalSection(SolutionConfigurationPlatforms) = preSolution
		Debug|Any CPU = Debug|Any CPU
		Release|Any CPU = Release|Any CPU
	EndGlobalSection
	GlobalSection(ProjectConfigurationPlatforms) = postSolution
		{B20AB966-7E16-A7FA-DC98-DC11E8DE66C7}.Debug|Any CPU.ActiveCfg = Debug|Any CPU
		{B20AB966-7E16-A7FA-DC98-DC11E8DE66C7}.Debug|Any CPU.Build.0 = Debug|Any CPU
		{B20AB966-7E16-A7FA-DC98-DC11E8DE66C7}.Release|Any CPU.ActiveCfg = Release|Any CPU
		{B20AB966-7E16-A7FA-DC98-DC11E8DE66C7}.Release|Any CPU.Build.0 = Release|Any CPU
	EndGlobalSection
	GlobalSection(SolutionProperties) = preSolution
		HideSolutionNode = FALSE
	EndGlobalSection
	GlobalSection(ExtensibilityGlobals) = postSolution
		SolutionGuid = {B00A8E2C-A196-4B96-98CA-860469E2B92B}
	EndGlobalSection
EndGlobal
